// !$*UTF8*$!
{
	archiveVersion = 1;
	classes = {
	};
	objectVersion = 56;
	objects = {

/* Begin PBXBuildFile section */
		A1B2C3D400000001 /* aiDAEMONApp.swift in Sources */ = {isa = PBXBuildFile; fileRef = A1B2C3D400000002 /* aiDAEMONApp.swift */; };
		A1B2C3D400000003 /* ContentView.swift in Sources */ = {isa = PBXBuildFile; fileRef = A1B2C3D400000004 /* ContentView.swift */; };
		A1B2C3D400000005 /* Assets.xcassets in Resources */ = {isa = PBXBuildFile; fileRef = A1B2C3D400000006 /* Assets.xcassets */; };
		A1B2C3D400000096 /* LlamaSwift in Frameworks */ = {isa = PBXBuildFile; productRef = A1B2C3D400000093 /* LlamaSwift */; };
		A1B2C3D400000097 /* Sparkle in Frameworks */ = {isa = PBXBuildFile; productRef = A1B2C3D400000094 /* Sparkle */; };
		A1B2C3D400000098 /* KeyboardShortcuts in Frameworks */ = {isa = PBXBuildFile; productRef = A1B2C3D400000095 /* KeyboardShortcuts */; };
		A1B2C3D4000000A1 /* AppDelegate.swift in Sources */ = {isa = PBXBuildFile; fileRef = A1B2C3D4000000A0 /* AppDelegate.swift */; };
		A1B2C3D4000000A3 /* HotkeyManager.swift in Sources */ = {isa = PBXBuildFile; fileRef = A1B2C3D4000000A2 /* HotkeyManager.swift */; };
		A1B2C3D4000000A4 /* FloatingWindow.swift in Sources */ = {isa = PBXBuildFile; fileRef = A1B2C3D4000000A5 /* FloatingWindow.swift */; };
		A1B2C3D4000000A7 /* CommandInputView.swift in Sources */ = {isa = PBXBuildFile; fileRef = A1B2C3D4000000A6 /* CommandInputView.swift */; };
		A1B2C3D4000000A9 /* ResultsView.swift in Sources */ = {isa = PBXBuildFile; fileRef = A1B2C3D4000000A8 /* ResultsView.swift */; };
		A1B2C3D4000000AA /* SettingsView.swift in Sources */ = {isa = PBXBuildFile; fileRef = A1B2C3D4000000AB /* SettingsView.swift */; };
		A1B2C3D4000000AC /* ModelLoader.swift in Sources */ = {isa = PBXBuildFile; fileRef = A1B2C3D4000000AD /* ModelLoader.swift */; };
		A1B2C3D4000000AF /* LLMBridge.swift in Sources */ = {isa = PBXBuildFile; fileRef = A1B2C3D4000000AE /* LLMBridge.swift */; };
		A1B2C3D4000000B0 /* LLMManager.swift in Sources */ = {isa = PBXBuildFile; fileRef = A1B2C3D4000000B1 /* LLMManager.swift */; };
		A1B2C3D4000000B3 /* PromptBuilder.swift in Sources */ = {isa = PBXBuildFile; fileRef = A1B2C3D4000000B2 /* PromptBuilder.swift */; };
		A1B2C3D4000000B5 /* CommandParser.swift in Sources */ = {isa = PBXBuildFile; fileRef = A1B2C3D4000000B4 /* CommandParser.swift */; };
		A1B2C3D4000000B6 /* CommandRegistry.swift in Sources */ = {isa = PBXBuildFile; fileRef = A1B2C3D4000000B7 /* CommandRegistry.swift */; };
		A1B2C3D4000000B9 /* AppLauncher.swift in Sources */ = {isa = PBXBuildFile; fileRef = A1B2C3D4000000B8 /* AppLauncher.swift */; };
		A1B2C3D4000000BB /* FileSearcher.swift in Sources */ = {isa = PBXBuildFile; fileRef = A1B2C3D4000000BA /* FileSearcher.swift */; };
		A1B2C3D4000000BD /* WindowManager.swift in Sources */ = {isa = PBXBuildFile; fileRef = A1B2C3D4000000BC /* WindowManager.swift */; };
		A1B2C3D4000000BF /* SystemInfo.swift in Sources */ = {isa = PBXBuildFile; fileRef = A1B2C3D4000000BE /* SystemInfo.swift */; };
		A1B2C3D4000000C1 /* CommandValidator.swift in Sources */ = {isa = PBXBuildFile; fileRef = A1B2C3D4000000C0 /* CommandValidator.swift */; };
		A1B2C3D4000000C3 /* ConfirmationDialog.swift in Sources */ = {isa = PBXBuildFile; fileRef = A1B2C3D4000000C2 /* ConfirmationDialog.swift */; };
		A1B2C3D4000000C5 /* ModelProvider.swift in Sources */ = {isa = PBXBuildFile; fileRef = A1B2C3D4000000C4 /* ModelProvider.swift */; };
		A1B2C3D4000000C7 /* LocalModelProvider.swift in Sources */ = {isa = PBXBuildFile; fileRef = A1B2C3D4000000C6 /* LocalModelProvider.swift */; };
		A1B2C3D4000000C9 /* KeychainHelper.swift in Sources */ = {isa = PBXBuildFile; fileRef = A1B2C3D4000000C8 /* KeychainHelper.swift */; };
		A1B2C3D4000000CB /* CloudModelProvider.swift in Sources */ = {isa = PBXBuildFile; fileRef = A1B2C3D4000000CA /* CloudModelProvider.swift */; };
		A1B2C3D4000000CD /* ModelRouter.swift in Sources */ = {isa = PBXBuildFile; fileRef = A1B2C3D4000000CC /* ModelRouter.swift */; };
		A1B2C3D4000000CF /* Conversation.swift in Sources */ = {isa = PBXBuildFile; fileRef = A1B2C3D4000000CE /* Conversation.swift */; };
		A1B2C3D4000000D1 /* ChatView.swift in Sources */ = {isa = PBXBuildFile; fileRef = A1B2C3D4000000D0 /* ChatView.swift */; };
		A1B2C3D4000000D3 /* ToolDefinition.swift in Sources */ = {isa = PBXBuildFile; fileRef = A1B2C3D4000000D2 /* ToolDefinition.swift */; };
		A1B2C3D4000000D5 /* ToolRegistry.swift in Sources */ = {isa = PBXBuildFile; fileRef = A1B2C3D4000000D4 /* ToolRegistry.swift */; };
		A1B2C3D4000000D7 /* AnthropicModelProvider.swift in Sources */ = {isa = PBXBuildFile; fileRef = A1B2C3D4000000D6 /* AnthropicModelProvider.swift */; };
		A1B2C3D4000000D8 /* PolicyEngine.swift in Sources */ = {isa = PBXBuildFile; fileRef = A1B2C3D4000000D9 /* PolicyEngine.swift */; };
		A1B2C3D4000000DA /* Orchestrator.swift in Sources */ = {isa = PBXBuildFile; fileRef = A1B2C3D4000000DB /* Orchestrator.swift */; };
		A1B2C3D4000000DC /* MCPClient.swift in Sources */ = {isa = PBXBuildFile; fileRef = A1B2C3D4000000DD /* MCPClient.swift */; };
		A1B2C3D4000000DE /* MCPServerManager.swift in Sources */ = {isa = PBXBuildFile; fileRef = A1B2C3D4000000DF /* MCPServerManager.swift */; };
		A1B2C3D4000000E6 /* SpeechInput.swift in Sources */ = {isa = PBXBuildFile; fileRef = A1B2C3D4000000E7 /* SpeechInput.swift */; };
		A1B2C3D4000000E8 /* SpeechOutput.swift in Sources */ = {isa = PBXBuildFile; fileRef = A1B2C3D4000000E9 /* SpeechOutput.swift */; };
		A1B2C3D4000000EA /* ScreenCapture.swift in Sources */ = {isa = PBXBuildFile; fileRef = A1B2C3D4000000EB /* ScreenCapture.swift */; };
		A1B2C3D4000000EC /* VisionAnalyzer.swift in Sources */ = {isa = PBXBuildFile; fileRef = A1B2C3D4000000ED /* VisionAnalyzer.swift */; };
		A1B2C3D4000000EE /* MouseController.swift in Sources */ = {isa = PBXBuildFile; fileRef = A1B2C3D4000000EF /* MouseController.swift */; };
		A1B2C3D4000000F0 /* KeyboardController.swift in Sources */ = {isa = PBXBuildFile; fileRef = A1B2C3D4000000F1 /* KeyboardController.swift */; };
/* End PBXBuildFile section */

/* Begin PBXFileReference section */
		A1B2C3D400000002 /* aiDAEMONApp.swift */ = {isa = PBXFileReference; lastKnownFileType = sourcecode.swift; path = aiDAEMONApp.swift; sourceTree = "<group>"; };
		A1B2C3D400000004 /* ContentView.swift */ = {isa = PBXFileReference; lastKnownFileType = sourcecode.swift; path = ContentView.swift; sourceTree = "<group>"; };
		A1B2C3D400000006 /* Assets.xcassets */ = {isa = PBXFileReference; lastKnownFileType = folder.assetcatalog; path = Assets.xcassets; sourceTree = "<group>"; };
		A1B2C3D400000007 /* aiDAEMON.entitlements */ = {isa = PBXFileReference; lastKnownFileType = text.plist.entitlements; path = aiDAEMON.entitlements; sourceTree = "<group>"; };
		A1B2C3D400000010 /* aiDAEMON.app */ = {isa = PBXFileReference; explicitFileType = wrapper.application; includeInIndex = 0; path = aiDAEMON.app; sourceTree = BUILT_PRODUCTS_DIR; };
		A1B2C3D400000080 /* docs */ = {isa = PBXFileReference; lastKnownFileType = folder; path = docs; sourceTree = "<group>"; };
		A1B2C3D400000081 /* README.md */ = {isa = PBXFileReference; lastKnownFileType = net.daringfireball.markdown; path = README.md; sourceTree = "<group>"; };
		A1B2C3D400000082 /* QUICKSTART.md */ = {isa = PBXFileReference; lastKnownFileType = net.daringfireball.markdown; path = QUICKSTART.md; sourceTree = "<group>"; };
		A1B2C3D400000083 /* LICENSE */ = {isa = PBXFileReference; lastKnownFileType = text; path = LICENSE; sourceTree = "<group>"; };
		A1B2C3D4000000A0 /* AppDelegate.swift */ = {isa = PBXFileReference; lastKnownFileType = sourcecode.swift; path = AppDelegate.swift; sourceTree = "<group>"; };
		A1B2C3D4000000A2 /* HotkeyManager.swift */ = {isa = PBXFileReference; lastKnownFileType = sourcecode.swift; path = HotkeyManager.swift; sourceTree = "<group>"; };
		A1B2C3D4000000A5 /* FloatingWindow.swift */ = {isa = PBXFileReference; lastKnownFileType = sourcecode.swift; path = FloatingWindow.swift; sourceTree = "<group>"; };
		A1B2C3D4000000A6 /* CommandInputView.swift */ = {isa = PBXFileReference; lastKnownFileType = sourcecode.swift; path = CommandInputView.swift; sourceTree = "<group>"; };
		A1B2C3D4000000A8 /* ResultsView.swift */ = {isa = PBXFileReference; lastKnownFileType = sourcecode.swift; path = ResultsView.swift; sourceTree = "<group>"; };
		A1B2C3D4000000AB /* SettingsView.swift */ = {isa = PBXFileReference; lastKnownFileType = sourcecode.swift; path = SettingsView.swift; sourceTree = "<group>"; };
		A1B2C3D4000000AD /* ModelLoader.swift */ = {isa = PBXFileReference; lastKnownFileType = sourcecode.swift; path = ModelLoader.swift; sourceTree = "<group>"; };
		A1B2C3D4000000AE /* LLMBridge.swift */ = {isa = PBXFileReference; lastKnownFileType = sourcecode.swift; path = LLMBridge.swift; sourceTree = "<group>"; };
		A1B2C3D4000000B1 /* LLMManager.swift */ = {isa = PBXFileReference; lastKnownFileType = sourcecode.swift; path = LLMManager.swift; sourceTree = "<group>"; };
		A1B2C3D4000000B2 /* PromptBuilder.swift */ = {isa = PBXFileReference; lastKnownFileType = sourcecode.swift; path = PromptBuilder.swift; sourceTree = "<group>"; };
		A1B2C3D4000000B4 /* CommandParser.swift */ = {isa = PBXFileReference; lastKnownFileType = sourcecode.swift; path = CommandParser.swift; sourceTree = "<group>"; };
		A1B2C3D4000000B7 /* CommandRegistry.swift */ = {isa = PBXFileReference; lastKnownFileType = sourcecode.swift; path = CommandRegistry.swift; sourceTree = "<group>"; };
		A1B2C3D4000000B8 /* AppLauncher.swift */ = {isa = PBXFileReference; lastKnownFileType = sourcecode.swift; path = AppLauncher.swift; sourceTree = "<group>"; };
		A1B2C3D4000000BA /* FileSearcher.swift */ = {isa = PBXFileReference; lastKnownFileType = sourcecode.swift; path = FileSearcher.swift; sourceTree = "<group>"; };
		A1B2C3D4000000BC /* WindowManager.swift */ = {isa = PBXFileReference; lastKnownFileType = sourcecode.swift; path = WindowManager.swift; sourceTree = "<group>"; };
		A1B2C3D4000000BE /* SystemInfo.swift */ = {isa = PBXFileReference; lastKnownFileType = sourcecode.swift; path = SystemInfo.swift; sourceTree = "<group>"; };
		A1B2C3D4000000C0 /* CommandValidator.swift */ = {isa = PBXFileReference; lastKnownFileType = sourcecode.swift; path = CommandValidator.swift; sourceTree = "<group>"; };
		A1B2C3D4000000C2 /* ConfirmationDialog.swift */ = {isa = PBXFileReference; lastKnownFileType = sourcecode.swift; path = ConfirmationDialog.swift; sourceTree = "<group>"; };
		A1B2C3D4000000C4 /* ModelProvider.swift */ = {isa = PBXFileReference; lastKnownFileType = sourcecode.swift; path = ModelProvider.swift; sourceTree = "<group>"; };
		A1B2C3D4000000C6 /* LocalModelProvider.swift */ = {isa = PBXFileReference; lastKnownFileType = sourcecode.swift; path = LocalModelProvider.swift; sourceTree = "<group>"; };
		A1B2C3D4000000C8 /* KeychainHelper.swift */ = {isa = PBXFileReference; lastKnownFileType = sourcecode.swift; path = KeychainHelper.swift; sourceTree = "<group>"; };
		A1B2C3D4000000CA /* CloudModelProvider.swift */ = {isa = PBXFileReference; lastKnownFileType = sourcecode.swift; path = CloudModelProvider.swift; sourceTree = "<group>"; };
		A1B2C3D4000000CC /* ModelRouter.swift */ = {isa = PBXFileReference; lastKnownFileType = sourcecode.swift; path = ModelRouter.swift; sourceTree = "<group>"; };
		A1B2C3D4000000CE /* Conversation.swift */ = {isa = PBXFileReference; lastKnownFileType = sourcecode.swift; path = Conversation.swift; sourceTree = "<group>"; };
		A1B2C3D4000000D0 /* ChatView.swift */ = {isa = PBXFileReference; lastKnownFileType = sourcecode.swift; path = ChatView.swift; sourceTree = "<group>"; };
		A1B2C3D4000000D2 /* ToolDefinition.swift */ = {isa = PBXFileReference; lastKnownFileType = sourcecode.swift; path = ToolDefinition.swift; sourceTree = "<group>"; };
		A1B2C3D4000000D4 /* ToolRegistry.swift */ = {isa = PBXFileReference; lastKnownFileType = sourcecode.swift; path = ToolRegistry.swift; sourceTree = "<group>"; };
		A1B2C3D4000000D6 /* AnthropicModelProvider.swift */ = {isa = PBXFileReference; lastKnownFileType = sourcecode.swift; path = AnthropicModelProvider.swift; sourceTree = "<group>"; };
		A1B2C3D4000000D9 /* PolicyEngine.swift */ = {isa = PBXFileReference; lastKnownFileType = sourcecode.swift; path = PolicyEngine.swift; sourceTree = "<group>"; };
		A1B2C3D4000000DB /* Orchestrator.swift */ = {isa = PBXFileReference; lastKnownFileType = sourcecode.swift; path = Orchestrator.swift; sourceTree = "<group>"; };
		A1B2C3D4000000DD /* MCPClient.swift */ = {isa = PBXFileReference; lastKnownFileType = sourcecode.swift; path = MCPClient.swift; sourceTree = "<group>"; };
		A1B2C3D4000000DF /* MCPServerManager.swift */ = {isa = PBXFileReference; lastKnownFileType = sourcecode.swift; path = MCPServerManager.swift; sourceTree = "<group>"; };
		A1B2C3D4000000E7 /* SpeechInput.swift */ = {isa = PBXFileReference; lastKnownFileType = sourcecode.swift; path = SpeechInput.swift; sourceTree = "<group>"; };
		A1B2C3D4000000E9 /* SpeechOutput.swift */ = {isa = PBXFileReference; lastKnownFileType = sourcecode.swift; path = SpeechOutput.swift; sourceTree = "<group>"; };
		A1B2C3D4000000EB /* ScreenCapture.swift */ = {isa = PBXFileReference; lastKnownFileType = sourcecode.swift; path = ScreenCapture.swift; sourceTree = "<group>"; };
		A1B2C3D4000000ED /* VisionAnalyzer.swift */ = {isa = PBXFileReference; lastKnownFileType = sourcecode.swift; path = VisionAnalyzer.swift; sourceTree = "<group>"; };
		A1B2C3D4000000EF /* MouseController.swift */ = {isa = PBXFileReference; lastKnownFileType = sourcecode.swift; path = MouseController.swift; sourceTree = "<group>"; };
		A1B2C3D4000000F1 /* KeyboardController.swift */ = {isa = PBXFileReference; lastKnownFileType = sourcecode.swift; path = KeyboardController.swift; sourceTree = "<group>"; };
/* End PBXFileReference section */

/* Begin PBXFrameworksBuildPhase section */
		A1B2C3D400000020 /* Frameworks */ = {
			isa = PBXFrameworksBuildPhase;
			buildActionMask = 2147483647;
			files = (
				A1B2C3D400000096 /* LlamaSwift in Frameworks */,
				A1B2C3D400000097 /* Sparkle in Frameworks */,
				A1B2C3D400000098 /* KeyboardShortcuts in Frameworks */,
			);
			runOnlyForDeploymentPostprocessing = 0;
		};
/* End PBXFrameworksBuildPhase section */

/* Begin PBXGroup section */
		A1B2C3D400000030 = {
			isa = PBXGroup;
			children = (
				A1B2C3D400000031 /* aiDAEMON */,
				A1B2C3D400000080 /* docs */,
				A1B2C3D400000081 /* README.md */,
				A1B2C3D400000082 /* QUICKSTART.md */,
				A1B2C3D400000083 /* LICENSE */,
				A1B2C3D400000032 /* Products */,
			);
			sourceTree = "<group>";
		};
		A1B2C3D400000031 /* aiDAEMON */ = {
			isa = PBXGroup;
			children = (
				A1B2C3D400000002 /* aiDAEMONApp.swift */,
				A1B2C3D4000000A0 /* AppDelegate.swift */,
				A1B2C3D4000000A2 /* HotkeyManager.swift */,
				A1B2C3D4000000A5 /* FloatingWindow.swift */,
				A1B2C3D4000000A6 /* CommandInputView.swift */,
				A1B2C3D4000000A8 /* ResultsView.swift */,
				A1B2C3D4000000AB /* SettingsView.swift */,
				A1B2C3D4000000AD /* ModelLoader.swift */,
				A1B2C3D4000000AE /* LLMBridge.swift */,
				A1B2C3D4000000B1 /* LLMManager.swift */,
				A1B2C3D4000000B2 /* PromptBuilder.swift */,
				A1B2C3D4000000B4 /* CommandParser.swift */,
				A1B2C3D4000000B7 /* CommandRegistry.swift */,
				A1B2C3D4000000B8 /* AppLauncher.swift */,
				A1B2C3D4000000BA /* FileSearcher.swift */,
				A1B2C3D4000000BC /* WindowManager.swift */,
				A1B2C3D4000000BE /* SystemInfo.swift */,
				A1B2C3D4000000C0 /* CommandValidator.swift */,
				A1B2C3D4000000C2 /* ConfirmationDialog.swift */,
				A1B2C3D4000000C4 /* ModelProvider.swift */,
				A1B2C3D4000000C6 /* LocalModelProvider.swift */,
				A1B2C3D4000000C8 /* KeychainHelper.swift */,
				A1B2C3D4000000CA /* CloudModelProvider.swift */,
				A1B2C3D4000000CC /* ModelRouter.swift */,
				A1B2C3D4000000CE /* Conversation.swift */,
				A1B2C3D4000000D0 /* ChatView.swift */,
				A1B2C3D4000000D2 /* ToolDefinition.swift */,
				A1B2C3D4000000D4 /* ToolRegistry.swift */,
				A1B2C3D4000000D6 /* AnthropicModelProvider.swift */,
				A1B2C3D4000000D9 /* PolicyEngine.swift */,
				A1B2C3D4000000DB /* Orchestrator.swift */,
				A1B2C3D4000000DD /* MCPClient.swift */,
				A1B2C3D4000000DF /* MCPServerManager.swift */,
				A1B2C3D4000000E7 /* SpeechInput.swift */,
				A1B2C3D4000000E9 /* SpeechOutput.swift */,
				A1B2C3D4000000EB /* ScreenCapture.swift */,
				A1B2C3D4000000ED /* VisionAnalyzer.swift */,
				A1B2C3D4000000EF /* MouseController.swift */,
				A1B2C3D4000000F1 /* KeyboardController.swift */,
				A1B2C3D400000004 /* ContentView.swift */,
				A1B2C3D400000006 /* Assets.xcassets */,
				A1B2C3D400000007 /* aiDAEMON.entitlements */,
			);
			path = aiDAEMON;
			sourceTree = "<group>";
		};
		A1B2C3D400000032 /* Products */ = {
			isa = PBXGroup;
			children = (
				A1B2C3D400000010 /* aiDAEMON.app */,
			);
			name = Products;
			sourceTree = "<group>";
		};
/* End PBXGroup section */

/* Begin PBXNativeTarget section */
		A1B2C3D400000040 /* aiDAEMON */ = {
			isa = PBXNativeTarget;
			buildConfigurationList = A1B2C3D400000060 /* Build configuration list for PBXNativeTarget "aiDAEMON" */;
			buildPhases = (
				A1B2C3D400000041 /* Sources */,
				A1B2C3D400000020 /* Frameworks */,
				A1B2C3D400000042 /* Resources */,
			);
			buildRules = (
			);
			dependencies = (
			);
			name = aiDAEMON;
			packageProductDependencies = (
				A1B2C3D400000093 /* LlamaSwift */,
				A1B2C3D400000094 /* Sparkle */,
				A1B2C3D400000095 /* KeyboardShortcuts */,
			);
			productName = aiDAEMON;
			productReference = A1B2C3D400000010 /* aiDAEMON.app */;
			productType = "com.apple.product-type.application";
		};
/* End PBXNativeTarget section */

/* Begin PBXProject section */
		A1B2C3D400000050 /* Project object */ = {
			isa = PBXProject;
			attributes = {
				BuildIndependentTargetsInParallel = 1;
				LastSwiftUpdateCheck = 1500;
				LastUpgradeCheck = 1500;
				TargetAttributes = {
					A1B2C3D400000040 = {
						CreatedOnToolsVersion = 15.0;
					};
				};
			};
			buildConfigurationList = A1B2C3D400000061 /* Build configuration list for PBXProject "aiDAEMON" */;
			compatibilityVersion = "Xcode 14.0";
			developmentRegion = en;
			hasScannedForEncodings = 0;
			knownRegions = (
				en,
				Base,
			);
			mainGroup = A1B2C3D400000030;
			packageReferences = (
				A1B2C3D400000090 /* XCRemoteSwiftPackageReference "llama" */,
				A1B2C3D400000091 /* XCRemoteSwiftPackageReference "Sparkle" */,
				A1B2C3D400000092 /* XCRemoteSwiftPackageReference "KeyboardShortcuts" */,
			);
			productRefGroup = A1B2C3D400000032 /* Products */;
			projectDirPath = "";
			projectRoot = "";
			targets = (
				A1B2C3D400000040 /* aiDAEMON */,
			);
		};
/* End PBXProject section */

/* Begin PBXResourcesBuildPhase section */
		A1B2C3D400000042 /* Resources */ = {
			isa = PBXResourcesBuildPhase;
			buildActionMask = 2147483647;
			files = (
				A1B2C3D400000005 /* Assets.xcassets in Resources */,
			);
			runOnlyForDeploymentPostprocessing = 0;
		};
/* End PBXResourcesBuildPhase section */

/* Begin PBXSourcesBuildPhase section */
		A1B2C3D400000041 /* Sources */ = {
			isa = PBXSourcesBuildPhase;
			buildActionMask = 2147483647;
			files = (
				A1B2C3D400000001 /* aiDAEMONApp.swift in Sources */,
				A1B2C3D4000000A1 /* AppDelegate.swift in Sources */,
				A1B2C3D4000000A3 /* HotkeyManager.swift in Sources */,
				A1B2C3D4000000A4 /* FloatingWindow.swift in Sources */,
				A1B2C3D4000000A7 /* CommandInputView.swift in Sources */,
				A1B2C3D4000000A9 /* ResultsView.swift in Sources */,
				A1B2C3D4000000AA /* SettingsView.swift in Sources */,
				A1B2C3D4000000AC /* ModelLoader.swift in Sources */,
				A1B2C3D4000000AF /* LLMBridge.swift in Sources */,
				A1B2C3D4000000B0 /* LLMManager.swift in Sources */,
				A1B2C3D4000000B3 /* PromptBuilder.swift in Sources */,
				A1B2C3D4000000B5 /* CommandParser.swift in Sources */,
				A1B2C3D4000000B6 /* CommandRegistry.swift in Sources */,
				A1B2C3D4000000B9 /* AppLauncher.swift in Sources */,
				A1B2C3D4000000BB /* FileSearcher.swift in Sources */,
				A1B2C3D4000000BD /* WindowManager.swift in Sources */,
				A1B2C3D4000000BF /* SystemInfo.swift in Sources */,
				A1B2C3D4000000C1 /* CommandValidator.swift in Sources */,
				A1B2C3D4000000C3 /* ConfirmationDialog.swift in Sources */,
				A1B2C3D4000000C5 /* ModelProvider.swift in Sources */,
				A1B2C3D4000000C7 /* LocalModelProvider.swift in Sources */,
				A1B2C3D4000000C9 /* KeychainHelper.swift in Sources */,
				A1B2C3D4000000CB /* CloudModelProvider.swift in Sources */,
				A1B2C3D4000000CD /* ModelRouter.swift in Sources */,
				A1B2C3D4000000CF /* Conversation.swift in Sources */,
				A1B2C3D4000000D1 /* ChatView.swift in Sources */,
				A1B2C3D4000000D3 /* ToolDefinition.swift in Sources */,
				A1B2C3D4000000D5 /* ToolRegistry.swift in Sources */,
				A1B2C3D4000000D7 /* AnthropicModelProvider.swift in Sources */,
				A1B2C3D4000000D8 /* PolicyEngine.swift in Sources */,
				A1B2C3D4000000DA /* Orchestrator.swift in Sources */,
				A1B2C3D4000000DC /* MCPClient.swift in Sources */,
				A1B2C3D4000000DE /* MCPServerManager.swift in Sources */,
				A1B2C3D4000000E6 /* SpeechInput.swift in Sources */,
				A1B2C3D4000000E8 /* SpeechOutput.swift in Sources */,
				A1B2C3D4000000EA /* ScreenCapture.swift in Sources */,
				A1B2C3D4000000EC /* VisionAnalyzer.swift in Sources */,
				A1B2C3D4000000EE /* MouseController.swift in Sources */,
				A1B2C3D4000000F0 /* KeyboardController.swift in Sources */,
				A1B2C3D400000003 /* ContentView.swift in Sources */,
			);
			runOnlyForDeploymentPostprocessing = 0;
		};
/* End PBXSourcesBuildPhase section */

/* Begin XCBuildConfiguration section */
		A1B2C3D400000070 /* Debug */ = {
			isa = XCBuildConfiguration;
			buildSettings = {
				ALWAYS_SEARCH_USER_PATHS = NO;
				ASSETCATALOG_COMPILER_GENERATE_SWIFT_ASSET_SYMBOL_EXTENSIONS = YES;
				CLANG_ANALYZER_NONNULL = YES;
				CLANG_ANALYZER_NUMBER_OBJECT_CONVERSION = YES_AGGRESSIVE;
				CLANG_CXX_LANGUAGE_STANDARD = "gnu++20";
				CLANG_ENABLE_MODULES = YES;
				CLANG_ENABLE_OBJC_ARC = YES;
				CLANG_ENABLE_OBJC_WEAK = YES;
				CLANG_WARN_BLOCK_CAPTURE_AUTORELEASING = YES;
				CLANG_WARN_BOOL_CONVERSION = YES;
				CLANG_WARN_COMMA = YES;
				CLANG_WARN_CONSTANT_CONVERSION = YES;
				CLANG_WARN_DEPRECATED_OBJC_IMPLEMENTATIONS = YES;
				CLANG_WARN_DIRECT_OBJC_ISA_USAGE = YES_ERROR;
				CLANG_WARN_DOCUMENTATION_COMMENTS = YES;
				CLANG_WARN_EMPTY_BODY = YES;
				CLANG_WARN_ENUM_CONVERSION = YES;
				CLANG_WARN_INFINITE_RECURSION = YES;
				CLANG_WARN_INT_CONVERSION = YES;
				CLANG_WARN_NON_LITERAL_NULL_CONVERSION = YES;
				CLANG_WARN_OBJC_IMPLICIT_RETAIN_SELF = YES;
				CLANG_WARN_OBJC_LITERAL_CONVERSION = YES;
				CLANG_WARN_OBJC_ROOT_CLASS = YES_ERROR;
				CLANG_WARN_QUOTED_INCLUDE_IN_FRAMEWORK_HEADER = YES;
				CLANG_WARN_RANGE_LOOP_ANALYSIS = YES;
				CLANG_WARN_STRICT_PROTOTYPES = YES;
				CLANG_WARN_SUSPICIOUS_MOVE = YES;
				CLANG_WARN_UNGUARDED_AVAILABILITY = YES_AGGRESSIVE;
				CLANG_WARN_UNREACHABLE_CODE = YES;
				CLANG_WARN__DUPLICATE_METHOD_MATCH = YES;
				COPY_PHASE_STRIP = NO;
				DEBUG_INFORMATION_FORMAT = dwarf;
				ENABLE_STRICT_OBJC_MSGSEND = YES;
				ENABLE_TESTABILITY = YES;
				ENABLE_USER_SCRIPT_SANDBOXING = YES;
				GCC_C_LANGUAGE_STANDARD = gnu17;
				GCC_DYNAMIC_NO_PIC = NO;
				GCC_NO_COMMON_BLOCKS = YES;
				GCC_OPTIMIZATION_LEVEL = 0;
				GCC_PREPROCESSOR_DEFINITIONS = (
					"DEBUG=1",
					"$(inherited)",
				);
				GCC_WARN_64_TO_32_BIT_CONVERSION = YES;
				GCC_WARN_ABOUT_RETURN_TYPE = YES_ERROR;
				GCC_WARN_UNDECLARED_SELECTOR = YES;
				GCC_WARN_UNINITIALIZED_AUTOS = YES_AGGRESSIVE;
				GCC_WARN_UNUSED_FUNCTION = YES;
				GCC_WARN_UNUSED_VARIABLE = YES;
				MACOSX_DEPLOYMENT_TARGET = 13.0;
				MTL_ENABLE_DEBUG_INFO = INCLUDE_SOURCE;
				MTL_FAST_MATH = YES;
				ONLY_ACTIVE_ARCH = YES;
				SDKROOT = macosx;
				SWIFT_ACTIVE_COMPILATION_CONDITIONS = "DEBUG $(inherited)";
				SWIFT_OPTIMIZATION_LEVEL = "-Onone";
			};
			name = Debug;
		};
		A1B2C3D400000071 /* Release */ = {
			isa = XCBuildConfiguration;
			buildSettings = {
				ALWAYS_SEARCH_USER_PATHS = NO;
				ASSETCATALOG_COMPILER_GENERATE_SWIFT_ASSET_SYMBOL_EXTENSIONS = YES;
				CLANG_ANALYZER_NONNULL = YES;
				CLANG_ANALYZER_NUMBER_OBJECT_CONVERSION = YES_AGGRESSIVE;
				CLANG_CXX_LANGUAGE_STANDARD = "gnu++20";
				CLANG_ENABLE_MODULES = YES;
				CLANG_ENABLE_OBJC_ARC = YES;
				CLANG_ENABLE_OBJC_WEAK = YES;
				CLANG_WARN_BLOCK_CAPTURE_AUTORELEASING = YES;
				CLANG_WARN_BOOL_CONVERSION = YES;
				CLANG_WARN_COMMA = YES;
				CLANG_WARN_CONSTANT_CONVERSION = YES;
				CLANG_WARN_DEPRECATED_OBJC_IMPLEMENTATIONS = YES;
				CLANG_WARN_DIRECT_OBJC_ISA_USAGE = YES_ERROR;
				CLANG_WARN_DOCUMENTATION_COMMENTS = YES;
				CLANG_WARN_EMPTY_BODY = YES;
				CLANG_WARN_ENUM_CONVERSION = YES;
				CLANG_WARN_INFINITE_RECURSION = YES;
				CLANG_WARN_INT_CONVERSION = YES;
				CLANG_WARN_NON_LITERAL_NULL_CONVERSION = YES;
				CLANG_WARN_OBJC_IMPLICIT_RETAIN_SELF = YES;
				CLANG_WARN_OBJC_LITERAL_CONVERSION = YES;
				CLANG_WARN_OBJC_ROOT_CLASS = YES_ERROR;
				CLANG_WARN_QUOTED_INCLUDE_IN_FRAMEWORK_HEADER = YES;
				CLANG_WARN_RANGE_LOOP_ANALYSIS = YES;
				CLANG_WARN_STRICT_PROTOTYPES = YES;
				CLANG_WARN_SUSPICIOUS_MOVE = YES;
				CLANG_WARN_UNGUARDED_AVAILABILITY = YES_AGGRESSIVE;
				CLANG_WARN_UNREACHABLE_CODE = YES;
				CLANG_WARN__DUPLICATE_METHOD_MATCH = YES;
				COPY_PHASE_STRIP = NO;
				DEBUG_INFORMATION_FORMAT = "dwarf-with-dsym";
				ENABLE_NS_ASSERTIONS = NO;
				ENABLE_STRICT_OBJC_MSGSEND = YES;
				ENABLE_USER_SCRIPT_SANDBOXING = YES;
				GCC_C_LANGUAGE_STANDARD = gnu17;
				GCC_NO_COMMON_BLOCKS = YES;
				GCC_WARN_64_TO_32_BIT_CONVERSION = YES;
				GCC_WARN_ABOUT_RETURN_TYPE = YES_ERROR;
				GCC_WARN_UNDECLARED_SELECTOR = YES;
				GCC_WARN_UNINITIALIZED_AUTOS = YES_AGGRESSIVE;
				GCC_WARN_UNUSED_FUNCTION = YES;
				GCC_WARN_UNUSED_VARIABLE = YES;
				MACOSX_DEPLOYMENT_TARGET = 13.0;
				MTL_ENABLE_DEBUG_INFO = NO;
				MTL_FAST_MATH = YES;
				SDKROOT = macosx;
				SWIFT_COMPILATION_MODE = wholemodule;
			};
			name = Release;
		};
		A1B2C3D400000072 /* Debug */ = {
			isa = XCBuildConfiguration;
			buildSettings = {
				ASSETCATALOG_COMPILER_APPICON_NAME = AppIcon;
				ASSETCATALOG_COMPILER_GLOBAL_ACCENT_COLOR_NAME = AccentColor;
				CODE_SIGN_ENTITLEMENTS = aiDAEMON/aiDAEMON.entitlements;
				CODE_SIGN_STYLE = Automatic;
				COMBINE_HIDPI_IMAGES = YES;
				CURRENT_PROJECT_VERSION = 1;
				DEVELOPMENT_ASSET_PATHS = "";
				ENABLE_PREVIEWS = YES;
				GENERATE_INFOPLIST_FILE = YES;
				INFOPLIST_KEY_NSHumanReadableCopyright = "";
				INFOPLIST_KEY_NSMicrophoneUsageDescription = "aiDAEMON needs microphone access to hear your voice commands.";
				INFOPLIST_KEY_NSSpeechRecognitionUsageDescription = "aiDAEMON needs speech recognition access to transcribe your voice commands.";
				LD_RUNPATH_SEARCH_PATHS = (
					"$(inherited)",
					"@executable_path/../Frameworks",
				);
				MARKETING_VERSION = 0.1.0;
				NEW_SETTING = "";
				PRODUCT_BUNDLE_IDENTIFIER = com.aidaemon;
				PRODUCT_NAME = "$(TARGET_NAME)";
				SWIFT_CXX_INTEROP_MODE = default;
				SWIFT_EMIT_LOC_STRINGS = YES;
				SWIFT_VERSION = 5.0;
			};
			name = Debug;
		};
		A1B2C3D400000073 /* Release */ = {
			isa = XCBuildConfiguration;
			buildSettings = {
				ASSETCATALOG_COMPILER_APPICON_NAME = AppIcon;
				ASSETCATALOG_COMPILER_GLOBAL_ACCENT_COLOR_NAME = AccentColor;
				CODE_SIGN_ENTITLEMENTS = aiDAEMON/aiDAEMON.entitlements;
				CODE_SIGN_STYLE = Automatic;
				COMBINE_HIDPI_IMAGES = YES;
				CURRENT_PROJECT_VERSION = 1;
				DEVELOPMENT_ASSET_PATHS = "";
				ENABLE_PREVIEWS = YES;
				GENERATE_INFOPLIST_FILE = YES;
				INFOPLIST_KEY_NSHumanReadableCopyright = "";
				INFOPLIST_KEY_NSMicrophoneUsageDescription = "aiDAEMON needs microphone access to hear your voice commands.";
				INFOPLIST_KEY_NSSpeechRecognitionUsageDescription = "aiDAEMON needs speech recognition access to transcribe your voice commands.";
				LD_RUNPATH_SEARCH_PATHS = (
					"$(inherited)",
					"@executable_path/../Frameworks",
				);
				MARKETING_VERSION = 0.1.0;
				NEW_SETTING = "";
				PRODUCT_BUNDLE_IDENTIFIER = com.aidaemon;
				PRODUCT_NAME = "$(TARGET_NAME)";
				SWIFT_CXX_INTEROP_MODE = default;
				SWIFT_EMIT_LOC_STRINGS = YES;
				SWIFT_VERSION = 5.0;
			};
			name = Release;
		};
/* End XCBuildConfiguration section */

/* Begin XCConfigurationList section */
		A1B2C3D400000060 /* Build configuration list for PBXNativeTarget "aiDAEMON" */ = {
			isa = XCConfigurationList;
			buildConfigurations = (
				A1B2C3D400000072 /* Debug */,
				A1B2C3D400000073 /* Release */,
			);
			defaultConfigurationIsVisible = 0;
			defaultConfigurationName = Release;
		};
		A1B2C3D400000061 /* Build configuration list for PBXProject "aiDAEMON" */ = {
			isa = XCConfigurationList;
			buildConfigurations = (
				A1B2C3D400000070 /* Debug */,
				A1B2C3D400000071 /* Release */,
			);
			defaultConfigurationIsVisible = 0;
			defaultConfigurationName = Release;
		};
/* End XCConfigurationList section */

/* Begin XCRemoteSwiftPackageReference section */
		A1B2C3D400000090 /* XCRemoteSwiftPackageReference "llama" */ = {
			isa = XCRemoteSwiftPackageReference;
			repositoryURL = "https://github.com/mattt/llama.swift";
			requirement = {
				kind = upToNextMajorVersion;
				minimumVersion = 2.0.0;
			};
		};
		A1B2C3D400000091 /* XCRemoteSwiftPackageReference "Sparkle" */ = {
			isa = XCRemoteSwiftPackageReference;
			repositoryURL = "https://github.com/sparkle-project/Sparkle";
			requirement = {
				kind = upToNextMajorVersion;
				minimumVersion = 2.0.0;
			};
		};
		A1B2C3D400000092 /* XCRemoteSwiftPackageReference "KeyboardShortcuts" */ = {
			isa = XCRemoteSwiftPackageReference;
			repositoryURL = "https://github.com/sindresorhus/KeyboardShortcuts";
			requirement = {
				kind = upToNextMajorVersion;
				minimumVersion = 2.0.0;
			};
		};
/* End XCRemoteSwiftPackageReference section */

/* Begin XCSwiftPackageProductDependency section */
		A1B2C3D400000093 /* LlamaSwift */ = {
			isa = XCSwiftPackageProductDependency;
			package = A1B2C3D400000090 /* XCRemoteSwiftPackageReference "llama" */;
			productName = LlamaSwift;
		};
		A1B2C3D400000094 /* Sparkle */ = {
			isa = XCSwiftPackageProductDependency;
			package = A1B2C3D400000091 /* XCRemoteSwiftPackageReference "Sparkle" */;
			productName = Sparkle;
		};
		A1B2C3D400000095 /* KeyboardShortcuts */ = {
			isa = XCSwiftPackageProductDependency;
			package = A1B2C3D400000092 /* XCRemoteSwiftPackageReference "KeyboardShortcuts" */;
			productName = KeyboardShortcuts;
		};
/* End XCSwiftPackageProductDependency section */
	};
	rootObject = A1B2C3D400000050 /* Project object */;
}
